
Microsoft Visual Studio Solution File, Format Version 12.00
# Visual Studio 2013
VisualStudioVersion = 12.0.30723.0
MinimumVisualStudioVersion = 10.0.40219.1
Project("{FAE04EC0-301F-11D3-BF4B-00C04F79EFBC}") = "FlightSeeker.Web", "FlightSeeker\FlightSeeker.Web.csproj", "{D043B53C-6EE2-49DC-A838-4F50E58979C1}"
EndProject
Project("{FAE04EC0-301F-11D3-BF4B-00C04F79EFBC}") = "FlightSeeker.Core", "FlightSeeker.Core\FlightSeeker.Core.csproj", "{0D10A42A-4895-4C42-B610-43E96F030213}"
EndProject
Global
	GlobalSection(SolutionConfigurationPlatforms) = preSolution
		Debug|Any CPU = Debug|Any CPU
		Release|Any CPU = Release|Any CPU
	EndGlobalSection
	GlobalSection(ProjectConfigurationPlatforms) = postSolution
		{D043B53C-6EE2-49DC-A838-4F50E58979C1}.Debug|Any CPU.ActiveCfg = Debug|Any CPU
		{D043B53C-6EE2-49DC-A838-4F50E58979C1}.Debug|Any CPU.Build.0 = Debug|Any CPU
		{D043B53C-6EE2-49DC-A838-4F50E58979C1}.Release|Any CPU.ActiveCfg = Release|Any CPU
		{D043B53C-6EE2-49DC-A838-4F50E58979C1}.Release|Any CPU.Build.0 = Release|Any CPU
		{0D10A42A-4895-4C42-B610-43E96F030213}.Debug|Any CPU.ActiveCfg = Debug|Any CPU
		{0D10A42A-4895-4C42-B610-43E96F030213}.Debug|Any CPU.Build.0 = Debug|Any CPU
		{0D10A42A-4895-4C42-B610-43E96F030213}.Release|Any CPU.ActiveCfg = Release|Any CPU
		{0D10A42A-4895-4C42-B610-43E96F030213}.Release|Any CPU.Build.0 = Release|Any CPU
	EndGlobalSection
	GlobalSection(SolutionProperties) = preSolution
		HideSolutionNode = FALSE
	EndGlobalSection
EndGlobal
